
Microsoft Visual Studio Solution File, Format Version 12.00
# Visual Studio Version 17
VisualStudioVersion = 17.13.35931.197
MinimumVisualStudioVersion = 10.0.40219.1
Project("{2150E333-8FDC-42A3-9474-1A3956D46DE8}") = "src", "src", "{02EA681E-C7D8-13C7-8484-4AC65E1B71E8}"
EndProject
Project("{FAE04EC0-301F-11D3-BF4B-00C04F79EFBC}") = "TechHub.Api", "TechHub.Api\TechHub.Api.csproj", "{969D912C-96D9-4D27-BA76-F60B6350493B}"
EndProject
Project("{FAE04EC0-301F-11D3-BF4B-00C04F79EFBC}") = "TechHub.Application", "TechHub.Application\TechHub.Application.csproj", "{6CCE379F-E74D-4AD8-937F-EA0EEEBDEA8E}"
EndProject
Project("{FAE04EC0-301F-11D3-BF4B-00C04F79EFBC}") = "TechHub.Infrastructure", "TechHub.Infrastructure\TechHub.Infrastructure.csproj", "{75388C6E-A222-4812-AFB0-21352C39FCD9}"
EndProject
Project("{FAE04EC0-301F-11D3-BF4B-00C04F79EFBC}") = "TechHub.Domain", "TechHub.Domain\TechHub.Domain.csproj", "{479E0E71-ECDD-49CB-9F86-51C9A81C6B44}"
EndProject
Project("{2150E333-8FDC-42A3-9474-1A3956D46DE8}") = "test", "test", "{E6B66278-EAD5-4ED2-82CF-D614E196AC41}"
EndProject
Project("{E53339B2-1760-4266-BCC7-CA923CBCF16C}") = "docker-compose", "docker-compose.dcproj", "{81DDED9D-158B-E303-5F62-77A2896D2A5A}"
EndProject
Project("{2150E333-8FDC-42A3-9474-1A3956D46DE8}") = "k6", "k6", "{C641CC22-4C97-4064-917F-66C5BAA68395}"
	ProjectSection(SolutionItems) = preProject
		load-test.js = load-test.js
		soak-test.js = soak-test.js
		spike-test.js = spike-test.js
		stress-test.js = stress-test.js
		ttfb-test.js = ttfb-test.js
	EndProjectSection
EndProject
Global
	GlobalSection(SolutionConfigurationPlatforms) = preSolution
		Debug|Any CPU = Debug|Any CPU
		Release|Any CPU = Release|Any CPU
	EndGlobalSection
	GlobalSection(ProjectConfigurationPlatforms) = postSolution
		{969D912C-96D9-4D27-BA76-F60B6350493B}.Debug|Any CPU.ActiveCfg = Debug|Any CPU
		{969D912C-96D9-4D27-BA76-F60B6350493B}.Debug|Any CPU.Build.0 = Debug|Any CPU
		{969D912C-96D9-4D27-BA76-F60B6350493B}.Release|Any CPU.ActiveCfg = Release|Any CPU
		{969D912C-96D9-4D27-BA76-F60B6350493B}.Release|Any CPU.Build.0 = Release|Any CPU
		{6CCE379F-E74D-4AD8-937F-EA0EEEBDEA8E}.Debug|Any CPU.ActiveCfg = Debug|Any CPU
		{6CCE379F-E74D-4AD8-937F-EA0EEEBDEA8E}.Debug|Any CPU.Build.0 = Debug|Any CPU
		{6CCE379F-E74D-4AD8-937F-EA0EEEBDEA8E}.Release|Any CPU.ActiveCfg = Release|Any CPU
		{6CCE379F-E74D-4AD8-937F-EA0EEEBDEA8E}.Release|Any CPU.Build.0 = Release|Any CPU
		{75388C6E-A222-4812-AFB0-21352C39FCD9}.Debug|Any CPU.ActiveCfg = Debug|Any CPU
		{75388C6E-A222-4812-AFB0-21352C39FCD9}.Debug|Any CPU.Build.0 = Debug|Any CPU
		{75388C6E-A222-4812-AFB0-21352C39FCD9}.Release|Any CPU.ActiveCfg = Release|Any CPU
		{75388C6E-A222-4812-AFB0-21352C39FCD9}.Release|Any CPU.Build.0 = Release|Any CPU
		{479E0E71-ECDD-49CB-9F86-51C9A81C6B44}.Debug|Any CPU.ActiveCfg = Debug|Any CPU
		{479E0E71-ECDD-49CB-9F86-51C9A81C6B44}.Debug|Any CPU.Build.0 = Debug|Any CPU
		{479E0E71-ECDD-49CB-9F86-51C9A81C6B44}.Release|Any CPU.ActiveCfg = Release|Any CPU
		{479E0E71-ECDD-49CB-9F86-51C9A81C6B44}.Release|Any CPU.Build.0 = Release|Any CPU
		{81DDED9D-158B-E303-5F62-77A2896D2A5A}.Debug|Any CPU.ActiveCfg = Debug|Any CPU
		{81DDED9D-158B-E303-5F62-77A2896D2A5A}.Debug|Any CPU.Build.0 = Debug|Any CPU
		{81DDED9D-158B-E303-5F62-77A2896D2A5A}.Release|Any CPU.ActiveCfg = Release|Any CPU
		{81DDED9D-158B-E303-5F62-77A2896D2A5A}.Release|Any CPU.Build.0 = Release|Any CPU
	EndGlobalSection
	GlobalSection(SolutionProperties) = preSolution
		HideSolutionNode = FALSE
	EndGlobalSection
	GlobalSection(NestedProjects) = preSolution
		{969D912C-96D9-4D27-BA76-F60B6350493B} = {02EA681E-C7D8-13C7-8484-4AC65E1B71E8}
		{6CCE379F-E74D-4AD8-937F-EA0EEEBDEA8E} = {02EA681E-C7D8-13C7-8484-4AC65E1B71E8}
		{75388C6E-A222-4812-AFB0-21352C39FCD9} = {02EA681E-C7D8-13C7-8484-4AC65E1B71E8}
		{479E0E71-ECDD-49CB-9F86-51C9A81C6B44} = {02EA681E-C7D8-13C7-8484-4AC65E1B71E8}
		{C641CC22-4C97-4064-917F-66C5BAA68395} = {E6B66278-EAD5-4ED2-82CF-D614E196AC41}
	EndGlobalSection
	GlobalSection(ExtensibilityGlobals) = postSolution
		SolutionGuid = {25612C21-D6A3-486B-8ECA-2A21876B5652}
	EndGlobalSection
EndGlobal
